// !$*UTF8*$!
{
	archiveVersion = 1;
	classes = {
	};
	objectVersion = 55;
	objects = {

/* Begin PBXBuildFile section */
		3308CD9BB660D06A20FD3978 /* Pods_StockPrice.framework in Frameworks */ = {isa = PBXBuildFile; fileRef = E356AB4DBDE580223C0054D4 /* Pods_StockPrice.framework */; };
		3D54B4ED28034AB2001D6B61 /* AppDelegate.swift in Sources */ = {isa = PBXBuildFile; fileRef = 3D54B4EC28034AB2001D6B61 /* AppDelegate.swift */; };
		3D54B4EF28034AB2001D6B61 /* SceneDelegate.swift in Sources */ = {isa = PBXBuildFile; fileRef = 3D54B4EE28034AB2001D6B61 /* SceneDelegate.swift */; };
		3D54B4F128034AB2001D6B61 /* ViewController.swift in Sources */ = {isa = PBXBuildFile; fileRef = 3D54B4F028034AB2001D6B61 /* ViewController.swift */; };
		3D54B4F428034AB2001D6B61 /* Main.storyboard in Resources */ = {isa = PBXBuildFile; fileRef = 3D54B4F228034AB2001D6B61 /* Main.storyboard */; };
		3D54B4F628034AB3001D6B61 /* Assets.xcassets in Resources */ = {isa = PBXBuildFile; fileRef = 3D54B4F528034AB3001D6B61 /* Assets.xcassets */; };
		3D54B4F928034AB3001D6B61 /* LaunchScreen.storyboard in Resources */ = {isa = PBXBuildFile; fileRef = 3D54B4F728034AB3001D6B61 /* LaunchScreen.storyboard */; };
		3D54B50328034F6C001D6B61 /* APIKeyFile.swift in Sources */ = {isa = PBXBuildFile; fileRef = 3D54B50228034F6C001D6B61 /* APIKeyFile.swift */; };
		3D54B505280352E9001D6B61 /* URLsFile.swift in Sources */ = {isa = PBXBuildFile; fileRef = 3D54B504280352E9001D6B61 /* URLsFile.swift */; };
		3D54B50B280353BF001D6B61 /* Quote.swift in Sources */ = {isa = PBXBuildFile; fileRef = 3D54B50A280353BF001D6B61 /* Quote.swift */; };
		3D54B50E280354CC001D6B61 /* StockTableViewCode.swift in Sources */ = {isa = PBXBuildFile; fileRef = 3D54B50D280354CC001D6B61 /* StockTableViewCode.swift */; };
		3D54B510280358A3001D6B61 /* NetworkFunctions.swift in Sources */ = {isa = PBXBuildFile; fileRef = 3D54B50F280358A3001D6B61 /* NetworkFunctions.swift */; };
		3D54B51328035B9C001D6B61 /* StockTableViewCell.swift in Sources */ = {isa = PBXBuildFile; fileRef = 3D54B51128035B9C001D6B61 /* StockTableViewCell.swift */; };
		3D54B51428035B9C001D6B61 /* StockTableViewCell.xib in Resources */ = {isa = PBXBuildFile; fileRef = 3D54B51228035B9C001D6B61 /* StockTableViewCell.xib */; };
		3D54B516280360B4001D6B61 /* ProtocolSendQuote.swift in Sources */ = {isa = PBXBuildFile; fileRef = 3D54B515280360B4001D6B61 /* ProtocolSendQuote.swift */; };
/* End PBXBuildFile section */

/* Begin PBXFileReference section */
		0B9920F82D8F2DBB9C98C319 /* Pods-StockPrice.release.xcconfig */ = {isa = PBXFileReference; includeInIndex = 1; lastKnownFileType = text.xcconfig; name = "Pods-StockPrice.release.xcconfig"; path = "Target Support Files/Pods-StockPrice/Pods-StockPrice.release.xcconfig"; sourceTree = "<group>"; };
		3D54B4E928034AB2001D6B61 /* StockPrice.app */ = {isa = PBXFileReference; explicitFileType = wrapper.application; includeInIndex = 0; path = StockPrice.app; sourceTree = BUILT_PRODUCTS_DIR; };
		3D54B4EC28034AB2001D6B61 /* AppDelegate.swift */ = {isa = PBXFileReference; lastKnownFileType = sourcecode.swift; path = AppDelegate.swift; sourceTree = "<group>"; };
		3D54B4EE28034AB2001D6B61 /* SceneDelegate.swift */ = {isa = PBXFileReference; lastKnownFileType = sourcecode.swift; path = SceneDelegate.swift; sourceTree = "<group>"; };
		3D54B4F028034AB2001D6B61 /* ViewController.swift */ = {isa = PBXFileReference; lastKnownFileType = sourcecode.swift; path = ViewController.swift; sourceTree = "<group>"; };
		3D54B4F328034AB2001D6B61 /* Base */ = {isa = PBXFileReference; lastKnownFileType = file.storyboard; name = Base; path = Base.lproj/Main.storyboard; sourceTree = "<group>"; };
		3D54B4F528034AB3001D6B61 /* Assets.xcassets */ = {isa = PBXFileReference; lastKnownFileType = folder.assetcatalog; path = Assets.xcassets; sourceTree = "<group>"; };
		3D54B4F828034AB3001D6B61 /* Base */ = {isa = PBXFileReference; lastKnownFileType = file.storyboard; name = Base; path = Base.lproj/LaunchScreen.storyboard; sourceTree = "<group>"; };
		3D54B4FA28034AB3001D6B61 /* Info.plist */ = {isa = PBXFileReference; lastKnownFileType = text.plist.xml; path = Info.plist; sourceTree = "<group>"; };
		3D54B50228034F6C001D6B61 /* APIKeyFile.swift */ = {isa = PBXFileReference; lastKnownFileType = sourcecode.swift; path = APIKeyFile.swift; sourceTree = "<group>"; };
		3D54B504280352E9001D6B61 /* URLsFile.swift */ = {isa = PBXFileReference; lastKnownFileType = sourcecode.swift; path = URLsFile.swift; sourceTree = "<group>"; };
		3D54B50A280353BF001D6B61 /* Quote.swift */ = {isa = PBXFileReference; lastKnownFileType = sourcecode.swift; path = Quote.swift; sourceTree = "<group>"; };
		3D54B50D280354CC001D6B61 /* StockTableViewCode.swift */ = {isa = PBXFileReference; lastKnownFileType = sourcecode.swift; path = StockTableViewCode.swift; sourceTree = "<group>"; };
		3D54B50F280358A3001D6B61 /* NetworkFunctions.swift */ = {isa = PBXFileReference; lastKnownFileType = sourcecode.swift; path = NetworkFunctions.swift; sourceTree = "<group>"; };
		3D54B51128035B9C001D6B61 /* StockTableViewCell.swift */ = {isa = PBXFileReference; lastKnownFileType = sourcecode.swift; path = StockTableViewCell.swift; sourceTree = "<group>"; };
		3D54B51228035B9C001D6B61 /* StockTableViewCell.xib */ = {isa = PBXFileReference; lastKnownFileType = file.xib; path = StockTableViewCell.xib; sourceTree = "<group>"; };
		3D54B515280360B4001D6B61 /* ProtocolSendQuote.swift */ = {isa = PBXFileReference; lastKnownFileType = sourcecode.swift; path = ProtocolSendQuote.swift; sourceTree = "<group>"; };
		E356AB4DBDE580223C0054D4 /* Pods_StockPrice.framework */ = {isa = PBXFileReference; explicitFileType = wrapper.framework; includeInIndex = 0; path = Pods_StockPrice.framework; sourceTree = BUILT_PRODUCTS_DIR; };
		EBA24E49EFB211F6ECA79016 /* Pods-StockPrice.debug.xcconfig */ = {isa = PBXFileReference; includeInIndex = 1; lastKnownFileType = text.xcconfig; name = "Pods-StockPrice.debug.xcconfig"; path = "Target Support Files/Pods-StockPrice/Pods-StockPrice.debug.xcconfig"; sourceTree = "<group>"; };
/* End PBXFileReference section */

/* Begin PBXFrameworksBuildPhase section */
		3D54B4E628034AB2001D6B61 /* Frameworks */ = {
			isa = PBXFrameworksBuildPhase;
			buildActionMask = 2147483647;
			files = (
				3308CD9BB660D06A20FD3978 /* Pods_StockPrice.framework in Frameworks */,
			);
			runOnlyForDeploymentPostprocessing = 0;
		};
/* End PBXFrameworksBuildPhase section */

/* Begin PBXGroup section */
		3D54B4E028034AB2001D6B61 = {
			isa = PBXGroup;
			children = (
				3D54B4EB28034AB2001D6B61 /* StockPrice */,
				3D54B4EA28034AB2001D6B61 /* Products */,
				C95FF9BC13A12242D0BCF6FE /* Pods */,
				71AB429E95FD781C60C51C0A /* Frameworks */,
			);
			sourceTree = "<group>";
		};
		3D54B4EA28034AB2001D6B61 /* Products */ = {
			isa = PBXGroup;
			children = (
				3D54B4E928034AB2001D6B61 /* StockPrice.app */,
			);
			name = Products;
			sourceTree = "<group>";
		};
		3D54B4EB28034AB2001D6B61 /* StockPrice */ = {
			isa = PBXGroup;
			children = (
				3D54B50C280354A4001D6B61 /* Controller */,
				3D54B509280353B2001D6B61 /* Model */,
				3D54B50128034F57001D6B61 /* Utilities */,
				3D54B4EC28034AB2001D6B61 /* AppDelegate.swift */,
				3D54B4EE28034AB2001D6B61 /* SceneDelegate.swift */,
				3D54B4F228034AB2001D6B61 /* Main.storyboard */,
				3D54B4F528034AB3001D6B61 /* Assets.xcassets */,
				3D54B4F728034AB3001D6B61 /* LaunchScreen.storyboard */,
				3D54B4FA28034AB3001D6B61 /* Info.plist */,
			);
			path = StockPrice;
			sourceTree = "<group>";
		};
		3D54B50128034F57001D6B61 /* Utilities */ = {
			isa = PBXGroup;
			children = (
				3D54B515280360B4001D6B61 /* ProtocolSendQuote.swift */,
				3D54B50228034F6C001D6B61 /* APIKeyFile.swift */,
				3D54B504280352E9001D6B61 /* URLsFile.swift */,
				3D54B50F280358A3001D6B61 /* NetworkFunctions.swift */,
			);
			path = Utilities;
			sourceTree = "<group>";
		};
		3D54B509280353B2001D6B61 /* Model */ = {
			isa = PBXGroup;
			children = (
				3D54B50A280353BF001D6B61 /* Quote.swift */,
			);
			path = Model;
			sourceTree = "<group>";
		};
		3D54B50C280354A4001D6B61 /* Controller */ = {
			isa = PBXGroup;
			children = (
				3D54B4F028034AB2001D6B61 /* ViewController.swift */,
				3D54B50D280354CC001D6B61 /* StockTableViewCode.swift */,
				3D54B51128035B9C001D6B61 /* StockTableViewCell.swift */,
				3D54B51228035B9C001D6B61 /* StockTableViewCell.xib */,
			);
			path = Controller;
			sourceTree = "<group>";
		};
		71AB429E95FD781C60C51C0A /* Frameworks */ = {
			isa = PBXGroup;
			children = (
				E356AB4DBDE580223C0054D4 /* Pods_StockPrice.framework */,
			);
			name = Frameworks;
			sourceTree = "<group>";
		};
		C95FF9BC13A12242D0BCF6FE /* Pods */ = {
			isa = PBXGroup;
			children = (
				EBA24E49EFB211F6ECA79016 /* Pods-StockPrice.debug.xcconfig */,
				0B9920F82D8F2DBB9C98C319 /* Pods-StockPrice.release.xcconfig */,
			);
			path = Pods;
			sourceTree = "<group>";
		};
/* End PBXGroup section */

/* Begin PBXNativeTarget section */
		3D54B4E828034AB2001D6B61 /* StockPrice */ = {
			isa = PBXNativeTarget;
			buildConfigurationList = 3D54B4FD28034AB3001D6B61 /* Build configuration list for PBXNativeTarget "StockPrice" */;
			buildPhases = (
				6F76F4F6F3F171DB430ACDBA /* [CP] Check Pods Manifest.lock */,
				3D54B4E528034AB2001D6B61 /* Sources */,
				3D54B4E628034AB2001D6B61 /* Frameworks */,
				3D54B4E728034AB2001D6B61 /* Resources */,
				B833D1437F104D71617ACB8B /* [CP] Embed Pods Frameworks */,
			);
			buildRules = (
			);
			dependencies = (
			);
			name = StockPrice;
			productName = StockPrice;
			productReference = 3D54B4E928034AB2001D6B61 /* StockPrice.app */;
			productType = "com.apple.product-type.application";
		};
/* End PBXNativeTarget section */

/* Begin PBXProject section */
		3D54B4E128034AB2001D6B61 /* Project object */ = {
			isa = PBXProject;
			attributes = {
				BuildIndependentTargetsInParallel = 1;
				LastSwiftUpdateCheck = 1330;
				LastUpgradeCheck = 1330;
				TargetAttributes = {
					3D54B4E828034AB2001D6B61 = {
						CreatedOnToolsVersion = 13.3;
					};
				};
			};
			buildConfigurationList = 3D54B4E428034AB2001D6B61 /* Build configuration list for PBXProject "StockPrice" */;
			compatibilityVersion = "Xcode 13.0";
			developmentRegion = en;
			hasScannedForEncodings = 0;
			knownRegions = (
				en,
				Base,
			);
			mainGroup = 3D54B4E028034AB2001D6B61;
			productRefGroup = 3D54B4EA28034AB2001D6B61 /* Products */;
			projectDirPath = "";
			projectRoot = "";
			targets = (
				3D54B4E828034AB2001D6B61 /* StockPrice */,
			);
		};
/* End PBXProject section */

/* Begin PBXResourcesBuildPhase section */
		3D54B4E728034AB2001D6B61 /* Resources */ = {
			isa = PBXResourcesBuildPhase;
			buildActionMask = 2147483647;
			files = (
				3D54B4F928034AB3001D6B61 /* LaunchScreen.storyboard in Resources */,
				3D54B4F628034AB3001D6B61 /* Assets.xcassets in Resources */,
				3D54B51428035B9C001D6B61 /* StockTableViewCell.xib in Resources */,
				3D54B4F428034AB2001D6B61 /* Main.storyboard in Resources */,
			);
			runOnlyForDeploymentPostprocessing = 0;
		};
/* End PBXResourcesBuildPhase section */

/* Begin PBXShellScriptBuildPhase section */
		6F76F4F6F3F171DB430ACDBA /* [CP] Check Pods Manifest.lock */ = {
			isa = PBXShellScriptBuildPhase;
			buildActionMask = 2147483647;
			files = (
			);
			inputFileListPaths = (
			);
			inputPaths = (
				"${PODS_PODFILE_DIR_PATH}/Podfile.lock",
				"${PODS_ROOT}/Manifest.lock",
			);
			name = "[CP] Check Pods Manifest.lock";
			outputFileListPaths = (
			);
			outputPaths = (
				"$(DERIVED_FILE_DIR)/Pods-StockPrice-checkManifestLockResult.txt",
			);
			runOnlyForDeploymentPostprocessing = 0;
			shellPath = /bin/sh;
			shellScript = "diff \"${PODS_PODFILE_DIR_PATH}/Podfile.lock\" \"${PODS_ROOT}/Manifest.lock\" > /dev/null\nif [ $? != 0 ] ; then\n    # print error to STDERR\n    echo \"error: The sandbox is not in sync with the Podfile.lock. Run 'pod install' or update your CocoaPods installation.\" >&2\n    exit 1\nfi\n# This output is used by Xcode 'outputs' to avoid re-running this script phase.\necho \"SUCCESS\" > \"${SCRIPT_OUTPUT_FILE_0}\"\n";
			showEnvVarsInLog = 0;
		};
		B833D1437F104D71617ACB8B /* [CP] Embed Pods Frameworks */ = {
			isa = PBXShellScriptBuildPhase;
			buildActionMask = 2147483647;
			files = (
			);
			inputFileListPaths = (
				"${PODS_ROOT}/Target Support Files/Pods-StockPrice/Pods-StockPrice-frameworks-${CONFIGURATION}-input-files.xcfilelist",
			);
			name = "[CP] Embed Pods Frameworks";
			outputFileListPaths = (
				"${PODS_ROOT}/Target Support Files/Pods-StockPrice/Pods-StockPrice-frameworks-${CONFIGURATION}-output-files.xcfilelist",
			);
			runOnlyForDeploymentPostprocessing = 0;
			shellPath = /bin/sh;
			shellScript = "\"${PODS_ROOT}/Target Support Files/Pods-StockPrice/Pods-StockPrice-frameworks.sh\"\n";
			showEnvVarsInLog = 0;
		};
/* End PBXShellScriptBuildPhase section */

/* Begin PBXSourcesBuildPhase section */
		3D54B4E528034AB2001D6B61 /* Sources */ = {
			isa = PBXSourcesBuildPhase;
			buildActionMask = 2147483647;
			files = (
				3D54B4F128034AB2001D6B61 /* ViewController.swift in Sources */,
				3D54B4ED28034AB2001D6B61 /* AppDelegate.swift in Sources */,
				3D54B50E280354CC001D6B61 /* StockTableViewCode.swift in Sources */,
				3D54B50328034F6C001D6B61 /* APIKeyFile.swift in Sources */,
				3D54B516280360B4001D6B61 /* ProtocolSendQuote.swift in Sources */,
				3D54B51328035B9C001D6B61 /* StockTableViewCell.swift in Sources */,
				3D54B510280358A3001D6B61 /* NetworkFunctions.swift in Sources */,
				3D54B505280352E9001D6B61 /* URLsFile.swift in Sources */,
				3D54B50B280353BF001D6B61 /* Quote.swift in Sources */,
				3D54B4EF28034AB2001D6B61 /* SceneDelegate.swift in Sources */,
			);
			runOnlyForDeploymentPostprocessing = 0;
		};
/* End PBXSourcesBuildPhase section */

/* Begin PBXVariantGroup section */
		3D54B4F228034AB2001D6B61 /* Main.storyboard */ = {
			isa = PBXVariantGroup;
			children = (
				3D54B4F328034AB2001D6B61 /* Base */,
			);
			name = Main.storyboard;
			sourceTree = "<group>";
		};
		3D54B4F728034AB3001D6B61 /* LaunchScreen.storyboard */ = {
			isa = PBXVariantGroup;
			children = (
				3D54B4F828034AB3001D6B61 /* Base */,
			);
			name = LaunchScreen.storyboard;
			sourceTree = "<group>";
		};
/* End PBXVariantGroup section */

/* Begin XCBuildConfiguration section */
		3D54B4FB28034AB3001D6B61 /* Debug */ = {
			isa = XCBuildConfiguration;
			buildSettings = {
				ALWAYS_SEARCH_USER_PATHS = NO;
				CLANG_ANALYZER_NONNULL = YES;
				CLANG_ANALYZER_NUMBER_OBJECT_CONVERSION = YES_AGGRESSIVE;
				CLANG_CXX_LANGUAGE_STANDARD = "gnu++17";
				CLANG_ENABLE_MODULES = YES;
				CLANG_ENABLE_OBJC_ARC = YES;
				CLANG_ENABLE_OBJC_WEAK = YES;
				CLANG_WARN_BLOCK_CAPTURE_AUTORELEASING = YES;
				CLANG_WARN_BOOL_CONVERSION = YES;
				CLANG_WARN_COMMA = YES;
				CLANG_WARN_CONSTANT_CONVERSION = YES;
				CLANG_WARN_DEPRECATED_OBJC_IMPLEMENTATIONS = YES;
				CLANG_WARN_DIRECT_OBJC_ISA_USAGE = YES_ERROR;
				CLANG_WARN_DOCUMENTATION_COMMENTS = YES;
				CLANG_WARN_EMPTY_BODY = YES;
				CLANG_WARN_ENUM_CONVERSION = YES;
				CLANG_WARN_INFINITE_RECURSION = YES;
				CLANG_WARN_INT_CONVERSION = YES;
				CLANG_WARN_NON_LITERAL_NULL_CONVERSION = YES;
				CLANG_WARN_OBJC_IMPLICIT_RETAIN_SELF = YES;
				CLANG_WARN_OBJC_LITERAL_CONVERSION = YES;
				CLANG_WARN_OBJC_ROOT_CLASS = YES_ERROR;
				CLANG_WARN_QUOTED_INCLUDE_IN_FRAMEWORK_HEADER = YES;
				CLANG_WARN_RANGE_LOOP_ANALYSIS = YES;
				CLANG_WARN_STRICT_PROTOTYPES = YES;
				CLANG_WARN_SUSPICIOUS_MOVE = YES;
				CLANG_WARN_UNGUARDED_AVAILABILITY = YES_AGGRESSIVE;
				CLANG_WARN_UNREACHABLE_CODE = YES;
				CLANG_WARN__DUPLICATE_METHOD_MATCH = YES;
				COPY_PHASE_STRIP = NO;
				DEBUG_INFORMATION_FORMAT = dwarf;
				ENABLE_STRICT_OBJC_MSGSEND = YES;
				ENABLE_TESTABILITY = YES;
				GCC_C_LANGUAGE_STANDARD = gnu11;
				GCC_DYNAMIC_NO_PIC = NO;
				GCC_NO_COMMON_BLOCKS = YES;
				GCC_OPTIMIZATION_LEVEL = 0;
				GCC_PREPROCESSOR_DEFINITIONS = (
					"DEBUG=1",
					"$(inherited)",
				);
				GCC_WARN_64_TO_32_BIT_CONVERSION = YES;
				GCC_WARN_ABOUT_RETURN_TYPE = YES_ERROR;
				GCC_WARN_UNDECLARED_SELECTOR = YES;
				GCC_WARN_UNINITIALIZED_AUTOS = YES_AGGRESSIVE;
				GCC_WARN_UNUSED_FUNCTION = YES;
				GCC_WARN_UNUSED_VARIABLE = YES;
				IPHONEOS_DEPLOYMENT_TARGET = 15.4;
				MTL_ENABLE_DEBUG_INFO = INCLUDE_SOURCE;
				MTL_FAST_MATH = YES;
				ONLY_ACTIVE_ARCH = YES;
				SDKROOT = iphoneos;
				SWIFT_ACTIVE_COMPILATION_CONDITIONS = DEBUG;
				SWIFT_OPTIMIZATION_LEVEL = "-Onone";
			};
			name = Debug;
		};
		3D54B4FC28034AB3001D6B61 /* Release */ = {
			isa = XCBuildConfiguration;
			buildSettings = {
				ALWAYS_SEARCH_USER_PATHS = NO;
				CLANG_ANALYZER_NONNULL = YES;
				CLANG_ANALYZER_NUMBER_OBJECT_CONVERSION = YES_AGGRESSIVE;
				CLANG_CXX_LANGUAGE_STANDARD = "gnu++17";
				CLANG_ENABLE_MODULES = YES;
				CLANG_ENABLE_OBJC_ARC = YES;
				CLANG_ENABLE_OBJC_WEAK = YES;
				CLANG_WARN_BLOCK_CAPTURE_AUTORELEASING = YES;
				CLANG_WARN_BOOL_CONVERSION = YES;
				CLANG_WARN_COMMA = YES;
				CLANG_WARN_CONSTANT_CONVERSION = YES;
				CLANG_WARN_DEPRECATED_OBJC_IMPLEMENTATIONS = YES;
				CLANG_WARN_DIRECT_OBJC_ISA_USAGE = YES_ERROR;
				CLANG_WARN_DOCUMENTATION_COMMENTS = YES;
				CLANG_WARN_EMPTY_BODY = YES;
				CLANG_WARN_ENUM_CONVERSION = YES;
				CLANG_WARN_INFINITE_RECURSION = YES;
				CLANG_WARN_INT_CONVERSION = YES;
				CLANG_WARN_NON_LITERAL_NULL_CONVERSION = YES;
				CLANG_WARN_OBJC_IMPLICIT_RETAIN_SELF = YES;
				CLANG_WARN_OBJC_LITERAL_CONVERSION = YES;
				CLANG_WARN_OBJC_ROOT_CLASS = YES_ERROR;
				CLANG_WARN_QUOTED_INCLUDE_IN_FRAMEWORK_HEADER = YES;
				CLANG_WARN_RANGE_LOOP_ANALYSIS = YES;
				CLANG_WARN_STRICT_PROTOTYPES = YES;
				CLANG_WARN_SUSPICIOUS_MOVE = YES;
				CLANG_WARN_UNGUARDED_AVAILABILITY = YES_AGGRESSIVE;
				CLANG_WARN_UNREACHABLE_CODE = YES;
				CLANG_WARN__DUPLICATE_METHOD_MATCH = YES;
				COPY_PHASE_STRIP = NO;
				DEBUG_INFORMATION_FORMAT = "dwarf-with-dsym";
				ENABLE_NS_ASSERTIONS = NO;
				ENABLE_STRICT_OBJC_MSGSEND = YES;
				GCC_C_LANGUAGE_STANDARD = gnu11;
				GCC_NO_COMMON_BLOCKS = YES;
				GCC_WARN_64_TO_32_BIT_CONVERSION = YES;
				GCC_WARN_ABOUT_RETURN_TYPE = YES_ERROR;
				GCC_WARN_UNDECLARED_SELECTOR = YES;
				GCC_WARN_UNINITIALIZED_AUTOS = YES_AGGRESSIVE;
				GCC_WARN_UNUSED_FUNCTION = YES;
				GCC_WARN_UNUSED_VARIABLE = YES;
				IPHONEOS_DEPLOYMENT_TARGET = 15.4;
				MTL_ENABLE_DEBUG_INFO = NO;
				MTL_FAST_MATH = YES;
				SDKROOT = iphoneos;
				SWIFT_COMPILATION_MODE = wholemodule;
				SWIFT_OPTIMIZATION_LEVEL = "-O";
				VALIDATE_PRODUCT = YES;
			};
			name = Release;
		};
		3D54B4FE28034AB3001D6B61 /* Debug */ = {
			isa = XCBuildConfiguration;
			baseConfigurationReference = EBA24E49EFB211F6ECA79016 /* Pods-StockPrice.debug.xcconfig */;
			buildSettings = {
				ASSETCATALOG_COMPILER_APPICON_NAME = AppIcon;
				ASSETCATALOG_COMPILER_GLOBAL_ACCENT_COLOR_NAME = AccentColor;
				CODE_SIGN_STYLE = Automatic;
				CURRENT_PROJECT_VERSION = 1;
				GENERATE_INFOPLIST_FILE = YES;
				INFOPLIST_FILE = StockPrice/Info.plist;
				INFOPLIST_KEY_UIApplicationSupportsIndirectInputEvents = YES;
				INFOPLIST_KEY_UILaunchStoryboardName = LaunchScreen;
				INFOPLIST_KEY_UIMainStoryboardFile = Main;
				INFOPLIST_KEY_UISupportedInterfaceOrientations_iPad = "UIInterfaceOrientationPortrait UIInterfaceOrientationPortraitUpsideDown UIInterfaceOrientationLandscapeLeft UIInterfaceOrientationLandscapeRight";
				INFOPLIST_KEY_UISupportedInterfaceOrientations_iPhone = "UIInterfaceOrientationPortrait UIInterfaceOrientationLandscapeLeft UIInterfaceOrientationLandscapeRight";
				LD_RUNPATH_SEARCH_PATHS = (
					"$(inherited)",
					"@executable_path/Frameworks",
				);
				MARKETING_VERSION = 1.0;
				PRODUCT_BUNDLE_IDENTIFIER = com.zeyao.StockPrice;
				PRODUCT_NAME = "$(TARGET_NAME)";
				SWIFT_EMIT_LOC_STRINGS = YES;
				SWIFT_VERSION = 5.0;
				TARGETED_DEVICE_FAMILY = "1,2";
			};
			name = Debug;
		};
		3D54B4FF28034AB3001D6B61 /* Release */ = {
			isa = XCBuildConfiguration;
			baseConfigurationReference = 0B9920F82D8F2DBB9C98C319 /* Pods-StockPrice.release.xcconfig */;
			buildSettings = {
				ASSETCATALOG_COMPILER_APPICON_NAME = AppIcon;
				ASSETCATALOG_COMPILER_GLOBAL_ACCENT_COLOR_NAME = AccentColor;
				CODE_SIGN_STYLE = Automatic;
				CURRENT_PROJECT_VERSION = 1;
				GENERATE_INFOPLIST_FILE = YES;
				INFOPLIST_FILE = StockPrice/Info.plist;
				INFOPLIST_KEY_UIApplicationSupportsIndirectInputEvents = YES;
				INFOPLIST_KEY_UILaunchStoryboardName = LaunchScreen;
				INFOPLIST_KEY_UIMainStoryboardFile = Main;
				INFOPLIST_KEY_UISupportedInterfaceOrientations_iPad = "UIInterfaceOrientationPortrait UIInterfaceOrientationPortraitUpsideDown UIInterfaceOrientationLandscapeLeft UIInterfaceOrientationLandscapeRight";
				INFOPLIST_KEY_UISupportedInterfaceOrientations_iPhone = "UIInterfaceOrientationPortrait UIInterfaceOrientationLandscapeLeft UIInterfaceOrientationLandscapeRight";
				LD_RUNPATH_SEARCH_PATHS = (
					"$(inherited)",
					"@executable_path/Frameworks",
				);
				MARKETING_VERSION = 1.0;
				PRODUCT_BUNDLE_IDENTIFIER = com.zeyao.StockPrice;
				PRODUCT_NAME = "$(TARGET_NAME)";
				SWIFT_EMIT_LOC_STRINGS = YES;
				SWIFT_VERSION = 5.0;
				TARGETED_DEVICE_FAMILY = "1,2";
			};
			name = Release;
		};
/* End XCBuildConfiguration section */

/* Begin XCConfigurationList section */
		3D54B4E428034AB2001D6B61 /* Build configuration list for PBXProject "StockPrice" */ = {
			isa = XCConfigurationList;
			buildConfigurations = (
				3D54B4FB28034AB3001D6B61 /* Debug */,
				3D54B4FC28034AB3001D6B61 /* Release */,
			);
			defaultConfigurationIsVisible = 0;
			defaultConfigurationName = Release;
		};
		3D54B4FD28034AB3001D6B61 /* Build configuration list for PBXNativeTarget "StockPrice" */ = {
			isa = XCConfigurationList;
			buildConfigurations = (
				3D54B4FE28034AB3001D6B61 /* Debug */,
				3D54B4FF28034AB3001D6B61 /* Release */,
			);
			defaultConfigurationIsVisible = 0;
			defaultConfigurationName = Release;
		};
/* End XCConfigurationList section */
	};
	rootObject = 3D54B4E128034AB2001D6B61 /* Project object */;
}
